# This file was autogenerated by uv via the following command:
#    uv pip compile external_runtimes/coom/requirements.in --generate-hashes --python-version 3.12 --python-platform x86_64-unknown-linux-gnu --output-file external_runtimes/coom/requirements.lock
cloudpickle==3.1.2 \
    --hash=sha256:7fda9eb655c9c230dab534f1983763de5835249750e85fbcef43aaa30a9a2414 \
    --hash=sha256:9acb47f6afd73f60dc1df93bb801b472f05ff42fa6c84167d25cb206be1fbf4a
    # via gymnasium
farama-notifications==0.0.6 \
    --hash=sha256:b19acac4bb41d76e59e03394b5dd165f4761c86fa327f56307a35cbee3b60158 \
    --hash=sha256:f84839188efa1ce5bb361c2a84881b2dc2c0d0d7fb661ff00421820170930935
    # via gymnasium
gymnasium==0.28.1 \
    --hash=sha256:4c2c745808792c8f45c6e88ad0a5504774394e0c126f6e3db555e720d3da6f24 \
    --hash=sha256:7bc9a5bce1022f997d1dbc152fc91d1ac977bad9cc7794cdc25437010867cabf
    # via
    #   -r external_runtimes/coom/requirements.in
    #   vizdoom
jax-jumpy==1.0.0 \
    --hash=sha256:195fb955cc4c2b7f0b1453e3cb1fb1c414a51a407ffac7a51e69a73cb30d59ad \
    --hash=sha256:ab7e01454bba462de3c4d098e3e585c302a8f06bc36d9182ab4e7e4aa7067c5e
    # via gymnasium
numpy==1.26.4 \
    --hash=sha256:03a8c78d01d9781b28a6989f6fa1bb2c4f2d51201cf99d3dd875df6fbd96b23b \
    --hash=sha256:08beddf13648eb95f8d867350f6a018a4be2e5ad54c8d8caed89ebca558b2818 \
    --hash=sha256:1af303d6b2210eb850fcf03064d364652b7120803a0b872f5211f5234b399f20 \
    --hash=sha256:1dda2e7b4ec9dd512f84935c5f126c8bd8b9f2fc001e9f54af255e8c5f16b0e0 \
    --hash=sha256:2a02aba9ed12e4ac4eb3ea9421c420301a0c6460d9830d74a9df87efa4912010 \
    --hash=sha256:2e4ee3380d6de9c9ec04745830fd9e2eccb3e6cf790d39d7b98ffd19b0dd754a \
    --hash=sha256:3373d5d70a5fe74a2c1bb6d2cfd9609ecf686d47a2d7b1d37a8f3b6bf6003aea \
    --hash=sha256:47711010ad8555514b434df65f7d7b076bb8261df1ca9bb78f53d3b2db02e95c \
    --hash=sha256:4c66707fabe114439db9068ee468c26bbdf909cac0fb58686a42a24de1760c71 \
    --hash=sha256:50193e430acfc1346175fcbdaa28ffec49947a06918b7b92130744e81e640110 \
    --hash=sha256:52b8b60467cd7dd1e9ed082188b4e6bb35aa5cdd01777621a1658910745b90be \
    --hash=sha256:60dedbb91afcbfdc9bc0b1f3f402804070deed7392c23eb7a7f07fa857868e8a \
    --hash=sha256:62b8e4b1e28009ef2846b4c7852046736bab361f7aeadeb6a5b89ebec3c7055a \
    --hash=sha256:666dbfb6ec68962c033a450943ded891bed2d54e6755e35e5835d63f4f6931d5 \
    --hash=sha256:675d61ffbfa78604709862923189bad94014bef562cc35cf61d3a07bba02a7ed \
    --hash=sha256:679b0076f67ecc0138fd2ede3a8fd196dddc2ad3254069bcb9faf9a79b1cebcd \
    --hash=sha256:7349ab0fa0c429c82442a27a9673fc802ffdb7c7775fad780226cb234965e53c \
    --hash=sha256:7ab55401287bfec946ced39700c053796e7cc0e3acbef09993a9ad2adba6ca6e \
    --hash=sha256:7e50d0a0cc3189f9cb0aeb3a6a6af18c16f59f004b866cd2be1c14b36134a4a0 \
    --hash=sha256:95a7476c59002f2f6c590b9b7b998306fba6a5aa646b1e22ddfeaf8f78c3a29c \
    --hash=sha256:96ff0b2ad353d8f990b63294c8986f1ec3cb19d749234014f4e7eb0112ceba5a \
    --hash=sha256:9fad7dcb1aac3c7f0584a5a8133e3a43eeb2fe127f47e3632d43d677c66c102b \
    --hash=sha256:9ff0f4f29c51e2803569d7a51c2304de5554655a60c5d776e35b4a41413830d0 \
    --hash=sha256:a354325ee03388678242a4d7ebcd08b5c727033fcff3b2f536aea978e15ee9e6 \
    --hash=sha256:a4abb4f9001ad2858e7ac189089c42178fcce737e4169dc61321660f1a96c7d2 \
    --hash=sha256:ab47dbe5cc8210f55aa58e4805fe224dac469cde56b9f731a4c098b91917159a \
    --hash=sha256:afedb719a9dcfc7eaf2287b839d8198e06dcd4cb5d276a3df279231138e83d30 \
    --hash=sha256:b3ce300f3644fb06443ee2222c2201dd3a89ea6040541412b8fa189341847218 \
    --hash=sha256:b97fe8060236edf3662adfc2c633f56a08ae30560c56310562cb4f95500022d5 \
    --hash=sha256:bfe25acf8b437eb2a8b2d49d443800a5f18508cd811fea3181723922a8a82b07 \
    --hash=sha256:cd25bcecc4974d09257ffcd1f098ee778f7834c3ad767fe5db785be9a4aa9cb2 \
    --hash=sha256:d209d8969599b27ad20994c8e41936ee0964e6da07478d6c35016bc386b66ad4 \
    --hash=sha256:d5241e0a80d808d70546c697135da2c613f30e28251ff8307eb72ba696945764 \
    --hash=sha256:edd8b5fe47dab091176d21bb6de568acdd906d1887a4584a15a9a96a1dca06ef \
    --hash=sha256:f870204a840a60da0b12273ef34f7051e98c3b5961b61b0c2c1be6dfd64fbcd3 \
    --hash=sha256:ffa75af20b44f8dba823498024771d5ac50620e6915abac414251bd971b4529f
    # via
    #   -r external_runtimes/coom/requirements.in
    #   gymnasium
    #   jax-jumpy
    #   opencv-python-headless
    #   scipy
    #   vizdoom
opencv-python-headless==4.11.0.86 \
    --hash=sha256:0e0a27c19dd1f40ddff94976cfe43066fbbe9dfbb2ec1907d66c19caef42a57b \
    --hash=sha256:48128188ade4a7e517237c8e1e11a9cdf5c282761473383e77beb875bb1e61ca \
    --hash=sha256:6c304df9caa7a6a5710b91709dd4786bf20a74d57672b3c31f7033cc638174ca \
    --hash=sha256:6efabcaa9df731f29e5ea9051776715b1bdd1845d7c9530065c7951d2a2899eb \
    --hash=sha256:996eb282ca4b43ec6a3972414de0e2331f5d9cda2b41091a49739c19fb843798 \
    --hash=sha256:a66c1b286a9de872c343ee7c3553b084244299714ebb50fbdcd76f07ebbe6c81 \
    --hash=sha256:f447d8acbb0b6f2808da71fddd29c1cdd448d2bc98f72d9bb78a7a898fc9621b
    # via -r external_runtimes/coom/requirements.in
pygame-ce==2.5.8 \
    --hash=sha256:0027bd2255cbb39789d9c7ff95a5f040f56d1cfeb09504497447c0ee06169a24 \
    --hash=sha256:0a4e0804d53bae8d9aa5192fc2259b40dd084b48ea273dd7dd6e1c12b73303c4 \
    --hash=sha256:0aa908c9fce4d508205e0b9cdc0f7338066da63322f6bcaa9a9c8aff9155a87e \
    --hash=sha256:0ae2141c81595b4b13b780d325b9ea0016c6647f8b3a6004278b00765a96664d \
    --hash=sha256:0d0c4b2b38e1946ea7a7c625ea317e237573e8731e4a56055eb4361b3c2daa0f \
    --hash=sha256:0f75f6cf17607e380687aa5551c46aa830c8037b2950c71e48be8891ddc737da \
    --hash=sha256:15a408aa324c7d3f465a80595a0cf2525c74ef147479a7b37322dbc1d99b8edf \
    --hash=sha256:28c4fed3870e3edf72ea7ea359bb5f64c55db0fb9cb3bdb26b4b674b4b4bcff4 \
    --hash=sha256:2cfe8afe1e7955780f0bd4f01d65f1b4903f561407052081cfcec31e80957c3c \
    --hash=sha256:312a01ff5439a0bd2e55b56683518454da4cbe4cad493d0580e9c49f6aacc2d8 \
    --hash=sha256:33e1b5a78cd6d25c2c8f00c09cdc0ba8000eec81b53dc7d8d7323d8319691d69 \
    --hash=sha256:3c8e69088ead310037972c391306ea58e74d7296b35d1890067749235fd554ba \
    --hash=sha256:49aca63362d075c6efbf0571380b759c7a87341ae474acd23d897f3307bb9506 \
    --hash=sha256:514f2c13e008af13cbc45ef93e897af1d192bec35f07f8894212926286e89ef0 \
    --hash=sha256:56441a9bb75c2461750dc0e6e4a46e3833b3cf6339bfbaf16f93ecac037510f3 \
    --hash=sha256:5b789aa7e4239be025c9de8428c2c422f0811f0e3dd702b574d836fd9ae040eb \
    --hash=sha256:5bb966b610e161a8f6d908b4c62ef3a1f3e922bc7bed73bd70a3e15dc780b90e \
    --hash=sha256:68bd9c4ac42bb2549c034d56399404f16c87c56714db721ed975a759798a3d16 \
    --hash=sha256:6c48a3ad5f7102e076055a3c817c12e932ee5c9b831080db2ea9754236b0490d \
    --hash=sha256:6d4839f127b1b66f1dfe7e0dca3d2233b6f3a63077690081d1996e24087c6055 \
    --hash=sha256:6de2f738e0a6130f70ae47cf8da8845b2f228014f2c71b37477f10fb1febec5a \
    --hash=sha256:7ec4efa6b57a194f5ad51b92211cc74b485320df951b0cc870235b2b889b9b6d \
    --hash=sha256:841aecccb498419367936bea0b1b0c6e9d635dc81c41ef26ec1769158f1ab871 \
    --hash=sha256:894faf17699ea7f14eabd9161ef532c1d248e40f568dab9240fc68b4c1ea85dc \
    --hash=sha256:8e7931bd6b8ffc1474e7b3d5717e18bf8ff3eed95ab9042f1b9a0907e9ff6519 \
    --hash=sha256:91d2434d8cbdb7cd04c9b37e76a8154641da25f4e274265806407f495fe6e889 \
    --hash=sha256:9e98223c8874177c8441923a8f60da76b1de9d7f2450602a4c7ef24c15e84f1a \
    --hash=sha256:9ea02f653f76d496870766e1fb8419b6a6aebd81d40265057672f1f6d63d3509 \
    --hash=sha256:a7b2a54548926eaf535ac574cfa6528f96bd1e2f524a20fea514b2922dd68bcc \
    --hash=sha256:b23034594412456504822d3088cf5f292f63bbe415eac29735340a59999e4116 \
    --hash=sha256:b4c2e28c201240199356952e6bd0221969d2eb8a1a15c3454d77db209bad7891 \
    --hash=sha256:b919b49b8a41564f7d0ad43f6dc97a66f29d3956fb592581f4abd62442644c9c \
    --hash=sha256:bb91d0bb0b5e2a4da61910d752769d4580cacffb4b7338cee57c932351c67e7b \
    --hash=sha256:bf9c8b4376077efec6ae31443172ae98545f278d0e4426852e81c28ab1f5d7c2 \
    --hash=sha256:c5285d444e4b789ef95522bbd2b90433163ad2b89e0ae4891236fde88a027fbd \
    --hash=sha256:cab944d76af71e707803856b4db984ca90d9d6453e470e89771ed963c11ed912 \
    --hash=sha256:ceabf943fb485dbcdc497d504bf267463e1d8ec62973a637635a03be312eb215 \
    --hash=sha256:d084b79535f3529aa157edd9401f4f33e5082f318d287029291d6596bb225105 \
    --hash=sha256:d7f03d38b3693c014dd47d4e281620b6756669129e545af1cd608a9484582846 \
    --hash=sha256:d9cbf6e2648ae6d76aa8ece82187d240300cfd9f4c90860e1e466f78cf0ab14a \
    --hash=sha256:dea22b4d4c418bbd0bd9853ae797ecfa882436d2684ceb6063ba8b520adc8500 \
    --hash=sha256:e3183bc0d808e739ca2400df45a5bfae10704ccbcacab0f04f9adc9027e86427 \
    --hash=sha256:e401643af9455cb69f8cb77050c325f290314da0051e9ab82c5ccaf8017c314a \
    --hash=sha256:e43021583000ff05657517f1455b6183d69796a39781ef91f82b5b2b869d4156 \
    --hash=sha256:f2f2f1c03dc8d4460779f9e55f959a7c7e523101b3530f60f3208e5ca65a6216 \
    --hash=sha256:f495b0eb7a5c54c59da58e964bc7f68073c3f43cf307729fd48309104a04c190 \
    --hash=sha256:ff283d1bee65e208cf2f0da7f2f4e3d0993d1787938898de2872fbefab1f786b
    # via vizdoom
scipy==1.11.4 \
    --hash=sha256:00150c5eae7b610c32589dda259eacc7c4f1665aedf25d921907f4d08a951b1c \
    --hash=sha256:028eccd22e654b3ea01ee63705681ee79933652b2d8f873e7949898dda6d11b6 \
    --hash=sha256:1b7c3dca977f30a739e0409fb001056484661cb2541a01aba0bb0029f7b68db8 \
    --hash=sha256:2c6ff6ef9cc27f9b3db93a6f8b38f97387e6e0591600369a297a50a8e96e835d \
    --hash=sha256:36750b7733d960d7994888f0d148d31ea3017ac15eef664194b4ef68d36a4a97 \
    --hash=sha256:530f9ad26440e85766509dbf78edcfe13ffd0ab7fec2560ee5c36ff74d6269ff \
    --hash=sha256:5e347b14fe01003d3b78e196e84bd3f48ffe4c8a7b8a1afbcb8f5505cb710993 \
    --hash=sha256:6550466fbeec7453d7465e74d4f4b19f905642c89a7525571ee91dd7adabb5a3 \
    --hash=sha256:6df1468153a31cf55ed5ed39647279beb9cfb5d3f84369453b49e4b8502394fd \
    --hash=sha256:6e619aba2df228a9b34718efb023966da781e89dd3d21637b27f2e54db0410d7 \
    --hash=sha256:8fce70f39076a5aa62e92e69a7f62349f9574d8405c0a5de6ed3ef72de07f446 \
    --hash=sha256:90a2b78e7f5733b9de748f589f09225013685f9b218275257f8a8168ededaeaa \
    --hash=sha256:91af76a68eeae0064887a48e25c4e616fa519fa0d38602eda7e0f97d65d57937 \
    --hash=sha256:933baf588daa8dc9a92c20a0be32f56d43faf3d1a60ab11b3f08c356430f6e56 \
    --hash=sha256:acf8ed278cc03f5aff035e69cb511741e0418681d25fbbb86ca65429c4f4d9cd \
    --hash=sha256:ad669df80528aeca5f557712102538f4f37e503f0c5b9541655016dd0932ca79 \
    --hash=sha256:b030c6674b9230d37c5c60ab456e2cf12f6784596d15ce8da9365e70896effc4 \
    --hash=sha256:b9999c008ccf00e8fbcce1236f85ade5c569d13144f77a1946bef8863e8f6eb4 \
    --hash=sha256:bc9a714581f561af0848e6b69947fda0614915f072dfd14142ed1bfe1b806710 \
    --hash=sha256:ce7fff2e23ab2cc81ff452a9444c215c28e6305f396b2ba88343a567feec9660 \
    --hash=sha256:cf00bd2b1b0211888d4dc75656c0412213a8b25e80d73898083f402b50f47e41 \
    --hash=sha256:d10e45a6c50211fe256da61a11c34927c68f277e03138777bdebedd933712fea \
    --hash=sha256:ee410e6de8f88fd5cf6eadd73c135020bfbbbdfcd0f6162c36a7638a1ea8cc65 \
    --hash=sha256:f313b39a7e94f296025e3cffc2c567618174c0b1dde173960cf23808f9fae4be \
    --hash=sha256:f3cd9e7b3c2c1ec26364856f9fbe78695fe631150f94cd1c22228456404cf1ec
    # via -r external_runtimes/coom/requirements.in
typing-extensions==4.16.0 \
    --hash=sha256:481caa481374e813c1b176ada14e97f1f67a4539ce9cfeb3f350d78d6370c2e8 \
    --hash=sha256:dc983d19a509c94dba722ee6abd33940f7c05a89e243c47e907eb4db6f1a43e5
    # via gymnasium
vizdoom==1.3.0 \
    --hash=sha256:026be364a12ed6054caddc3349ddb7797f0f6a23ddbbc524cc80c0b93c3f4934 \
    --hash=sha256:2660bf66aef597e19aa58fe3862cfd0cca5bd4fb3ab4f3a536e9f140e8eeeeba \
    --hash=sha256:2c4e455512295995fc6fd3cd380bbe70985c7db6739b758ea10922c73e6bfb90 \
    --hash=sha256:395321fe228e0d5c083e4cadf0ad14a627f99a4b1a1352f2e44bcb2b0507ef61 \
    --hash=sha256:3a061faf0870c41da657562f725d021c4afd122178bda008e1c5284c120a835c \
    --hash=sha256:3a3cdc78535c9f619a31bc1d51f48b8707b3be3be9c8bb3397567ff4255e464c \
    --hash=sha256:42c761270a8a7f85d0823aa1e0eb76b23d544a20dbd7d113d0c5848c108ac043 \
    --hash=sha256:43ba2524779d1ef0d7dfd773fe71a97afeff2b2d0db52a4d73381a515572c046 \
    --hash=sha256:4867d6bba1f08151cd71cdf1529d3f6ba2715e865254334c4be4012bd25f32e8 \
    --hash=sha256:4ac36e25d5182cd4e6f12172b8981c921faa20952b9bd6373731b49a20d569c6 \
    --hash=sha256:591f58e3ad3d146c5b4a82eb51da064231a1a43a547c6255e9985eee20dbe601 \
    --hash=sha256:790f8ed2c13bf5f561b7cf0390aa246127031fc21b92ad4303294e006fee880f \
    --hash=sha256:81fba862bca5315594662e12973bdecc8ffe9b35fba5c6f3d91d01eab9025124 \
    --hash=sha256:8b7976ad2a18aa8d2fa435047c1495270a7988d40c2449d953f0c1bd3b4c597c \
    --hash=sha256:97407e1651b621c2b49adfdf7a2a262e5b1a0090fa844cc59e3fb6d0f9a09cfa \
    --hash=sha256:a514d48a302c5c46239d88e6d51371946245390bb7fa84e25825b6991ce9b9d5 \
    --hash=sha256:aab449672309cb755eefe16c60085ac61c613d02483a8a0776c8972ce7665464 \
    --hash=sha256:aff3a01d9de4a1742e3f8f6b334ac77a8355f5c9c1dda1bdfd869140695d8025 \
    --hash=sha256:b0bb339bdf188eb4f97fd757e5d041ef2103e52907d4dfd6f7b776798443b692 \
    --hash=sha256:b989998f1fe377d432cb0c8c4b2cc672a7fb6e4679dfc10f4b9c00f6ed27e09b \
    --hash=sha256:ccdeb42b3a5e297e0c366481daa4105c53a227407c678c04d83df2cecb92149e \
    --hash=sha256:d27c9b20a93a9cdc4331988914e0d75d0d61f1818444ee956948562b49ab4d74 \
    --hash=sha256:dde72da46a05725a4e0aa3a9d7291ae1486c8b7469a1b0a7d2fcc146bd913ae7 \
    --hash=sha256:e142b39c2d82769a0abeb4234ebadfbabc8d2d27123d937ce746f369319d8ed7 \
    --hash=sha256:f23770e760eb7a7ef4e6514c1ed1ffecfc1099f59d91720b39b87f8caae49332
    # via -r external_runtimes/coom/requirements.in
